// !$*UTF8*$!
{
	archiveVersion = 1;
	classes = {
	};
	objectVersion = 51;
	objects = {

/* Begin PBXBuildFile section */
		105F9C1583CF0E24C07ECD5E /* Pods_MovieDB.framework in Frameworks */ = {isa = PBXBuildFile; fileRef = D0AD89941484441FC16951D6 /* Pods_MovieDB.framework */; };
		36DCF6C719090D839A9BC924 /* Pods_MovieDBTests.framework in Frameworks */ = {isa = PBXBuildFile; fileRef = A24D24C902100AB49A8F9848 /* Pods_MovieDBTests.framework */; };
		52C539319BDE4F1D611AF12A /* Pods_MovieDB_MovieDBUITests.framework in Frameworks */ = {isa = PBXBuildFile; fileRef = E5F54C09749968940F5812BE /* Pods_MovieDB_MovieDBUITests.framework */; };
		9F500B1A25E3AFFA006146CA /* AppDelegate.swift in Sources */ = {isa = PBXBuildFile; fileRef = 9F500B1925E3AFFA006146CA /* AppDelegate.swift */; };
		9F500B1C25E3AFFA006146CA /* SceneDelegate.swift in Sources */ = {isa = PBXBuildFile; fileRef = 9F500B1B25E3AFFA006146CA /* SceneDelegate.swift */; };
		9F500B1E25E3AFFA006146CA /* HomeViewController.swift in Sources */ = {isa = PBXBuildFile; fileRef = 9F500B1D25E3AFFA006146CA /* HomeViewController.swift */; };
		9F500B2125E3AFFA006146CA /* Main.storyboard in Resources */ = {isa = PBXBuildFile; fileRef = 9F500B1F25E3AFFA006146CA /* Main.storyboard */; };
		9F500B2425E3AFFA006146CA /* MovieDB.xcdatamodeld in Sources */ = {isa = PBXBuildFile; fileRef = 9F500B2225E3AFFA006146CA /* MovieDB.xcdatamodeld */; };
		9F500B2625E3AFFE006146CA /* Assets.xcassets in Resources */ = {isa = PBXBuildFile; fileRef = 9F500B2525E3AFFE006146CA /* Assets.xcassets */; };
		9F500B2925E3AFFE006146CA /* LaunchScreen.storyboard in Resources */ = {isa = PBXBuildFile; fileRef = 9F500B2725E3AFFE006146CA /* LaunchScreen.storyboard */; };
		9F500B3425E3AFFF006146CA /* MovieDBTests.swift in Sources */ = {isa = PBXBuildFile; fileRef = 9F500B3325E3AFFF006146CA /* MovieDBTests.swift */; };
		9F500B3F25E3AFFF006146CA /* MovieDBUITests.swift in Sources */ = {isa = PBXBuildFile; fileRef = 9F500B3E25E3AFFF006146CA /* MovieDBUITests.swift */; };
		9F97200D25E4D71800FB29EB /* Movie.swift in Sources */ = {isa = PBXBuildFile; fileRef = 9F97200C25E4D71800FB29EB /* Movie.swift */; };
		9F97201525E4D7A300FB29EB /* OldMovieManager.swift in Sources */ = {isa = PBXBuildFile; fileRef = 9F97201425E4D7A300FB29EB /* OldMovieManager.swift */; };
		9F97201A25E4DC5F00FB29EB /* BannerCell.swift in Sources */ = {isa = PBXBuildFile; fileRef = 9F97201925E4DC5F00FB29EB /* BannerCell.swift */; };
		9F97202325E4FECA00FB29EB /* RecomendationCell.swift in Sources */ = {isa = PBXBuildFile; fileRef = 9F97202225E4FECA00FB29EB /* RecomendationCell.swift */; };
		9F97202B25E4FF0B00FB29EB /* MovieCell.swift in Sources */ = {isa = PBXBuildFile; fileRef = 9F97202A25E4FF0B00FB29EB /* MovieCell.swift */; };
		9F97203025E502CC00FB29EB /* TitleHeaderView.swift in Sources */ = {isa = PBXBuildFile; fileRef = 9F97202F25E502CC00FB29EB /* TitleHeaderView.swift */; };
		9FA0BE4225E588D5000BEC2C /* Movies.swift in Sources */ = {isa = PBXBuildFile; fileRef = 9FA0BE4125E588D5000BEC2C /* Movies.swift */; };
		9FA0BE5025E58922000BEC2C /* MovieApi.swift in Sources */ = {isa = PBXBuildFile; fileRef = 9FA0BE4F25E58922000BEC2C /* MovieApi.swift */; };
		9FA0BE5925E58A05000BEC2C /* NetworkManager.swift in Sources */ = {isa = PBXBuildFile; fileRef = 9FA0BE5825E58A05000BEC2C /* NetworkManager.swift */; };
		9FA455D125E3D4110063798C /* PopularViewController.swift in Sources */ = {isa = PBXBuildFile; fileRef = 9FA455D025E3D4110063798C /* PopularViewController.swift */; };
		9FA455D625E3D4200063798C /* FavoriteViewController.swift in Sources */ = {isa = PBXBuildFile; fileRef = 9FA455D525E3D4200063798C /* FavoriteViewController.swift */; };
		9FA455DB25E3D42F0063798C /* DetailViewController.swift in Sources */ = {isa = PBXBuildFile; fileRef = 9FA455DA25E3D42F0063798C /* DetailViewController.swift */; };
		9FA455E325E3D8620063798C /* OthersViewController.swift in Sources */ = {isa = PBXBuildFile; fileRef = 9FA455E225E3D8620063798C /* OthersViewController.swift */; };
		9FA4561125E436A90063798C /* FavoriteTableCell.swift in Sources */ = {isa = PBXBuildFile; fileRef = 9FA4561025E436A90063798C /* FavoriteTableCell.swift */; };
		9FB28D5E25E63B8500851112 /* MovieManager.swift in Sources */ = {isa = PBXBuildFile; fileRef = 9FB28D5D25E63B8500851112 /* MovieManager.swift */; };
		9FB28D9025E74C3A00851112 /* HomeViewModel.swift in Sources */ = {isa = PBXBuildFile; fileRef = 9FB28D8F25E74C3A00851112 /* HomeViewModel.swift */; };
		9FB28DB225E78B7A00851112 /* NetworkDetailManager.swift in Sources */ = {isa = PBXBuildFile; fileRef = 9FB28DB125E78B7A00851112 /* NetworkDetailManager.swift */; };
		9FB28DBA25E79B8000851112 /* DetailViewModel.swift in Sources */ = {isa = PBXBuildFile; fileRef = 9FB28DB925E79B8000851112 /* DetailViewModel.swift */; };
/* End PBXBuildFile section */

/* Begin PBXContainerItemProxy section */
		9F500B3025E3AFFF006146CA /* PBXContainerItemProxy */ = {
			isa = PBXContainerItemProxy;
			containerPortal = 9F500B0E25E3AFFA006146CA /* Project object */;
			proxyType = 1;
			remoteGlobalIDString = 9F500B1525E3AFFA006146CA;
			remoteInfo = MovieDB;
		};
		9F500B3B25E3AFFF006146CA /* PBXContainerItemProxy */ = {
			isa = PBXContainerItemProxy;
			containerPortal = 9F500B0E25E3AFFA006146CA /* Project object */;
			proxyType = 1;
			remoteGlobalIDString = 9F500B1525E3AFFA006146CA;
			remoteInfo = MovieDB;
		};
/* End PBXContainerItemProxy section */

/* Begin PBXFileReference section */
		3C3DC6A165B5BA1BAE6E414D /* Pods-MovieDB-MovieDBUITests.release.xcconfig */ = {isa = PBXFileReference; includeInIndex = 1; lastKnownFileType = text.xcconfig; name = "Pods-MovieDB-MovieDBUITests.release.xcconfig"; path = "Target Support Files/Pods-MovieDB-MovieDBUITests/Pods-MovieDB-MovieDBUITests.release.xcconfig"; sourceTree = "<group>"; };
		4243CFF0821E4C6F13D153CF /* Pods-MovieDB.debug.xcconfig */ = {isa = PBXFileReference; includeInIndex = 1; lastKnownFileType = text.xcconfig; name = "Pods-MovieDB.debug.xcconfig"; path = "Target Support Files/Pods-MovieDB/Pods-MovieDB.debug.xcconfig"; sourceTree = "<group>"; };
		48FE8F68E08F5A95052E4C81 /* Pods-MovieDB-MovieDBUITests.debug.xcconfig */ = {isa = PBXFileReference; includeInIndex = 1; lastKnownFileType = text.xcconfig; name = "Pods-MovieDB-MovieDBUITests.debug.xcconfig"; path = "Target Support Files/Pods-MovieDB-MovieDBUITests/Pods-MovieDB-MovieDBUITests.debug.xcconfig"; sourceTree = "<group>"; };
		5A2607DE5D08553BDBC2D819 /* Pods-MovieDBTests.debug.xcconfig */ = {isa = PBXFileReference; includeInIndex = 1; lastKnownFileType = text.xcconfig; name = "Pods-MovieDBTests.debug.xcconfig"; path = "Target Support Files/Pods-MovieDBTests/Pods-MovieDBTests.debug.xcconfig"; sourceTree = "<group>"; };
		5D521A83F4F728F40F7898C5 /* Pods-MovieDBTests.release.xcconfig */ = {isa = PBXFileReference; includeInIndex = 1; lastKnownFileType = text.xcconfig; name = "Pods-MovieDBTests.release.xcconfig"; path = "Target Support Files/Pods-MovieDBTests/Pods-MovieDBTests.release.xcconfig"; sourceTree = "<group>"; };
		9F500B1625E3AFFA006146CA /* MovieDB.app */ = {isa = PBXFileReference; explicitFileType = wrapper.application; includeInIndex = 0; path = MovieDB.app; sourceTree = BUILT_PRODUCTS_DIR; };
		9F500B1925E3AFFA006146CA /* AppDelegate.swift */ = {isa = PBXFileReference; lastKnownFileType = sourcecode.swift; path = AppDelegate.swift; sourceTree = "<group>"; };
		9F500B1B25E3AFFA006146CA /* SceneDelegate.swift */ = {isa = PBXFileReference; lastKnownFileType = sourcecode.swift; path = SceneDelegate.swift; sourceTree = "<group>"; };
		9F500B1D25E3AFFA006146CA /* HomeViewController.swift */ = {isa = PBXFileReference; lastKnownFileType = sourcecode.swift; path = HomeViewController.swift; sourceTree = "<group>"; };
		9F500B2025E3AFFA006146CA /* Base */ = {isa = PBXFileReference; lastKnownFileType = file.storyboard; name = Base; path = Base.lproj/Main.storyboard; sourceTree = "<group>"; };
		9F500B2325E3AFFA006146CA /* MovieDB.xcdatamodel */ = {isa = PBXFileReference; lastKnownFileType = wrapper.xcdatamodel; path = MovieDB.xcdatamodel; sourceTree = "<group>"; };
		9F500B2525E3AFFE006146CA /* Assets.xcassets */ = {isa = PBXFileReference; lastKnownFileType = folder.assetcatalog; path = Assets.xcassets; sourceTree = "<group>"; };
		9F500B2825E3AFFE006146CA /* Base */ = {isa = PBXFileReference; lastKnownFileType = file.storyboard; name = Base; path = Base.lproj/LaunchScreen.storyboard; sourceTree = "<group>"; };
		9F500B2A25E3AFFE006146CA /* Info.plist */ = {isa = PBXFileReference; lastKnownFileType = text.plist.xml; path = Info.plist; sourceTree = "<group>"; };
		9F500B2F25E3AFFF006146CA /* MovieDBTests.xctest */ = {isa = PBXFileReference; explicitFileType = wrapper.cfbundle; includeInIndex = 0; path = MovieDBTests.xctest; sourceTree = BUILT_PRODUCTS_DIR; };
		9F500B3325E3AFFF006146CA /* MovieDBTests.swift */ = {isa = PBXFileReference; lastKnownFileType = sourcecode.swift; path = MovieDBTests.swift; sourceTree = "<group>"; };
		9F500B3525E3AFFF006146CA /* Info.plist */ = {isa = PBXFileReference; lastKnownFileType = text.plist.xml; path = Info.plist; sourceTree = "<group>"; };
		9F500B3A25E3AFFF006146CA /* MovieDBUITests.xctest */ = {isa = PBXFileReference; explicitFileType = wrapper.cfbundle; includeInIndex = 0; path = MovieDBUITests.xctest; sourceTree = BUILT_PRODUCTS_DIR; };
		9F500B3E25E3AFFF006146CA /* MovieDBUITests.swift */ = {isa = PBXFileReference; lastKnownFileType = sourcecode.swift; path = MovieDBUITests.swift; sourceTree = "<group>"; };
		9F500B4025E3AFFF006146CA /* Info.plist */ = {isa = PBXFileReference; lastKnownFileType = text.plist.xml; path = Info.plist; sourceTree = "<group>"; };
		9F97200C25E4D71800FB29EB /* Movie.swift */ = {isa = PBXFileReference; lastKnownFileType = sourcecode.swift; path = Movie.swift; sourceTree = "<group>"; };
		9F97201425E4D7A300FB29EB /* OldMovieManager.swift */ = {isa = PBXFileReference; lastKnownFileType = sourcecode.swift; path = OldMovieManager.swift; sourceTree = "<group>"; };
		9F97201925E4DC5F00FB29EB /* BannerCell.swift */ = {isa = PBXFileReference; lastKnownFileType = sourcecode.swift; path = BannerCell.swift; sourceTree = "<group>"; };
		9F97202225E4FECA00FB29EB /* RecomendationCell.swift */ = {isa = PBXFileReference; lastKnownFileType = sourcecode.swift; path = RecomendationCell.swift; sourceTree = "<group>"; };
		9F97202A25E4FF0B00FB29EB /* MovieCell.swift */ = {isa = PBXFileReference; lastKnownFileType = sourcecode.swift; path = MovieCell.swift; sourceTree = "<group>"; };
		9F97202F25E502CC00FB29EB /* TitleHeaderView.swift */ = {isa = PBXFileReference; lastKnownFileType = sourcecode.swift; path = TitleHeaderView.swift; sourceTree = "<group>"; };
		9FA0BE4125E588D5000BEC2C /* Movies.swift */ = {isa = PBXFileReference; lastKnownFileType = sourcecode.swift; path = Movies.swift; sourceTree = "<group>"; };
		9FA0BE4F25E58922000BEC2C /* MovieApi.swift */ = {isa = PBXFileReference; lastKnownFileType = sourcecode.swift; path = MovieApi.swift; sourceTree = "<group>"; };
		9FA0BE5825E58A05000BEC2C /* NetworkManager.swift */ = {isa = PBXFileReference; lastKnownFileType = sourcecode.swift; path = NetworkManager.swift; sourceTree = "<group>"; };
		9FA455D025E3D4110063798C /* PopularViewController.swift */ = {isa = PBXFileReference; lastKnownFileType = sourcecode.swift; path = PopularViewController.swift; sourceTree = "<group>"; };
		9FA455D525E3D4200063798C /* FavoriteViewController.swift */ = {isa = PBXFileReference; lastKnownFileType = sourcecode.swift; path = FavoriteViewController.swift; sourceTree = "<group>"; };
		9FA455DA25E3D42F0063798C /* DetailViewController.swift */ = {isa = PBXFileReference; lastKnownFileType = sourcecode.swift; path = DetailViewController.swift; sourceTree = "<group>"; };
		9FA455E225E3D8620063798C /* OthersViewController.swift */ = {isa = PBXFileReference; lastKnownFileType = sourcecode.swift; path = OthersViewController.swift; sourceTree = "<group>"; };
		9FA4561025E436A90063798C /* FavoriteTableCell.swift */ = {isa = PBXFileReference; lastKnownFileType = sourcecode.swift; path = FavoriteTableCell.swift; sourceTree = "<group>"; };
		9FB28D5D25E63B8500851112 /* MovieManager.swift */ = {isa = PBXFileReference; lastKnownFileType = sourcecode.swift; path = MovieManager.swift; sourceTree = "<group>"; };
		9FB28D8F25E74C3A00851112 /* HomeViewModel.swift */ = {isa = PBXFileReference; lastKnownFileType = sourcecode.swift; path = HomeViewModel.swift; sourceTree = "<group>"; };
		9FB28DB125E78B7A00851112 /* NetworkDetailManager.swift */ = {isa = PBXFileReference; lastKnownFileType = sourcecode.swift; path = NetworkDetailManager.swift; sourceTree = "<group>"; };
		9FB28DB925E79B8000851112 /* DetailViewModel.swift */ = {isa = PBXFileReference; lastKnownFileType = sourcecode.swift; path = DetailViewModel.swift; sourceTree = "<group>"; };
		A24D24C902100AB49A8F9848 /* Pods_MovieDBTests.framework */ = {isa = PBXFileReference; explicitFileType = wrapper.framework; includeInIndex = 0; path = Pods_MovieDBTests.framework; sourceTree = BUILT_PRODUCTS_DIR; };
		D0AD89941484441FC16951D6 /* Pods_MovieDB.framework */ = {isa = PBXFileReference; explicitFileType = wrapper.framework; includeInIndex = 0; path = Pods_MovieDB.framework; sourceTree = BUILT_PRODUCTS_DIR; };
		D5B5DF3431C262B8AC055977 /* Pods-MovieDB.release.xcconfig */ = {isa = PBXFileReference; includeInIndex = 1; lastKnownFileType = text.xcconfig; name = "Pods-MovieDB.release.xcconfig"; path = "Target Support Files/Pods-MovieDB/Pods-MovieDB.release.xcconfig"; sourceTree = "<group>"; };
		E5F54C09749968940F5812BE /* Pods_MovieDB_MovieDBUITests.framework */ = {isa = PBXFileReference; explicitFileType = wrapper.framework; includeInIndex = 0; path = Pods_MovieDB_MovieDBUITests.framework; sourceTree = BUILT_PRODUCTS_DIR; };
/* End PBXFileReference section */

/* Begin PBXFrameworksBuildPhase section */
		9F500B1325E3AFFA006146CA /* Frameworks */ = {
			isa = PBXFrameworksBuildPhase;
			buildActionMask = 2147483647;
			files = (
				105F9C1583CF0E24C07ECD5E /* Pods_MovieDB.framework in Frameworks */,
			);
			runOnlyForDeploymentPostprocessing = 0;
		};
		9F500B2C25E3AFFF006146CA /* Frameworks */ = {
			isa = PBXFrameworksBuildPhase;
			buildActionMask = 2147483647;
			files = (
				36DCF6C719090D839A9BC924 /* Pods_MovieDBTests.framework in Frameworks */,
			);
			runOnlyForDeploymentPostprocessing = 0;
		};
		9F500B3725E3AFFF006146CA /* Frameworks */ = {
			isa = PBXFrameworksBuildPhase;
			buildActionMask = 2147483647;
			files = (
				52C539319BDE4F1D611AF12A /* Pods_MovieDB_MovieDBUITests.framework in Frameworks */,
			);
			runOnlyForDeploymentPostprocessing = 0;
		};
/* End PBXFrameworksBuildPhase section */

/* Begin PBXGroup section */
		4EECF227BB8D1E0B419EB2EF /* Frameworks */ = {
			isa = PBXGroup;
			children = (
				D0AD89941484441FC16951D6 /* Pods_MovieDB.framework */,
				E5F54C09749968940F5812BE /* Pods_MovieDB_MovieDBUITests.framework */,
				A24D24C902100AB49A8F9848 /* Pods_MovieDBTests.framework */,
			);
			name = Frameworks;
			sourceTree = "<group>";
		};
		6D7CA5DBBD402A9804806886 /* Pods */ = {
			isa = PBXGroup;
			children = (
				4243CFF0821E4C6F13D153CF /* Pods-MovieDB.debug.xcconfig */,
				D5B5DF3431C262B8AC055977 /* Pods-MovieDB.release.xcconfig */,
				48FE8F68E08F5A95052E4C81 /* Pods-MovieDB-MovieDBUITests.debug.xcconfig */,
				3C3DC6A165B5BA1BAE6E414D /* Pods-MovieDB-MovieDBUITests.release.xcconfig */,
				5A2607DE5D08553BDBC2D819 /* Pods-MovieDBTests.debug.xcconfig */,
				5D521A83F4F728F40F7898C5 /* Pods-MovieDBTests.release.xcconfig */,
			);
			path = Pods;
			sourceTree = "<group>";
		};
		9F500B0D25E3AFFA006146CA = {
			isa = PBXGroup;
			children = (
				9F500B1825E3AFFA006146CA /* MovieDB */,
				9F500B3225E3AFFF006146CA /* MovieDBTests */,
				9F500B3D25E3AFFF006146CA /* MovieDBUITests */,
				9F500B1725E3AFFA006146CA /* Products */,
				6D7CA5DBBD402A9804806886 /* Pods */,
				4EECF227BB8D1E0B419EB2EF /* Frameworks */,
			);
			sourceTree = "<group>";
		};
		9F500B1725E3AFFA006146CA /* Products */ = {
			isa = PBXGroup;
			children = (
				9F500B1625E3AFFA006146CA /* MovieDB.app */,
				9F500B2F25E3AFFF006146CA /* MovieDBTests.xctest */,
				9F500B3A25E3AFFF006146CA /* MovieDBUITests.xctest */,
			);
			name = Products;
			sourceTree = "<group>";
		};
		9F500B1825E3AFFA006146CA /* MovieDB */ = {
			isa = PBXGroup;
			children = (
				9F500B1925E3AFFA006146CA /* AppDelegate.swift */,
				9F500B1B25E3AFFA006146CA /* SceneDelegate.swift */,
				9FA0BE5425E58926000BEC2C /* Networking */,
				9F97201E25E4FE8000FB29EB /* Models */,
				9FB28D9425E74CC400851112 /* ViewModel */,
				9FA455CC25E3D3E10063798C /* View */,
				9F500B1F25E3AFFA006146CA /* Main.storyboard */,
				9F500B2525E3AFFE006146CA /* Assets.xcassets */,
				9F500B2725E3AFFE006146CA /* LaunchScreen.storyboard */,
				9F500B2A25E3AFFE006146CA /* Info.plist */,
				9F500B2225E3AFFA006146CA /* MovieDB.xcdatamodeld */,
			);
			path = MovieDB;
			sourceTree = "<group>";
		};
		9F500B3225E3AFFF006146CA /* MovieDBTests */ = {
			isa = PBXGroup;
			children = (
				9F500B3325E3AFFF006146CA /* MovieDBTests.swift */,
				9F500B3525E3AFFF006146CA /* Info.plist */,
			);
			path = MovieDBTests;
			sourceTree = "<group>";
		};
		9F500B3D25E3AFFF006146CA /* MovieDBUITests */ = {
			isa = PBXGroup;
			children = (
				9F500B3E25E3AFFF006146CA /* MovieDBUITests.swift */,
				9F500B4025E3AFFF006146CA /* Info.plist */,
			);
			path = MovieDBUITests;
			sourceTree = "<group>";
		};
		9F97201E25E4FE8000FB29EB /* Models */ = {
			isa = PBXGroup;
			children = (
				9FB28D6625E6701F00851112 /* Old */,
				9FB28D6225E6701100851112 /* New */,
			);
			path = Models;
			sourceTree = "<group>";
		};
		9FA0BE5425E58926000BEC2C /* Networking */ = {
			isa = PBXGroup;
			children = (
				9FA0BE4F25E58922000BEC2C /* MovieApi.swift */,
				9FA0BE5825E58A05000BEC2C /* NetworkManager.swift */,
				9FB28DB125E78B7A00851112 /* NetworkDetailManager.swift */,
			);
			path = Networking;
			sourceTree = "<group>";
		};
		9FA455CC25E3D3E10063798C /* View */ = {
			isa = PBXGroup;
			children = (
				9FA4560C25E436830063798C /* View Controller */,
				9FA4561525E436B40063798C /* Cells */,
				9F97202F25E502CC00FB29EB /* TitleHeaderView.swift */,
			);
			path = View;
			sourceTree = "<group>";
		};
		9FA4560C25E436830063798C /* View Controller */ = {
			isa = PBXGroup;
			children = (
				9F500B1D25E3AFFA006146CA /* HomeViewController.swift */,
				9FA455D025E3D4110063798C /* PopularViewController.swift */,
				9FA455D525E3D4200063798C /* FavoriteViewController.swift */,
				9FA455DA25E3D42F0063798C /* DetailViewController.swift */,
				9FA455E225E3D8620063798C /* OthersViewController.swift */,
			);
			path = "View Controller";
			sourceTree = "<group>";
		};
		9FA4561525E436B40063798C /* Cells */ = {
			isa = PBXGroup;
			children = (
				9F97201925E4DC5F00FB29EB /* BannerCell.swift */,
				9FA4561025E436A90063798C /* FavoriteTableCell.swift */,
				9F97202225E4FECA00FB29EB /* RecomendationCell.swift */,
				9F97202A25E4FF0B00FB29EB /* MovieCell.swift */,
			);
			path = Cells;
			sourceTree = "<group>";
		};
		9FB28D6225E6701100851112 /* New */ = {
			isa = PBXGroup;
			children = (
				9F97200C25E4D71800FB29EB /* Movie.swift */,
				9FA0BE4125E588D5000BEC2C /* Movies.swift */,
				9FB28D5D25E63B8500851112 /* MovieManager.swift */,
			);
			path = New;
			sourceTree = "<group>";
		};
		9FB28D6625E6701F00851112 /* Old */ = {
			isa = PBXGroup;
			children = (
				9F97201425E4D7A300FB29EB /* OldMovieManager.swift */,
			);
			path = Old;
			sourceTree = "<group>";
		};
		9FB28D9425E74CC400851112 /* ViewModel */ = {
			isa = PBXGroup;
			children = (
				9FB28D8F25E74C3A00851112 /* HomeViewModel.swift */,
				9FB28DB925E79B8000851112 /* DetailViewModel.swift */,
			);
			path = ViewModel;
			sourceTree = "<group>";
		};
/* End PBXGroup section */

/* Begin PBXNativeTarget section */
		9F500B1525E3AFFA006146CA /* MovieDB */ = {
			isa = PBXNativeTarget;
			buildConfigurationList = 9F500B4325E3AFFF006146CA /* Build configuration list for PBXNativeTarget "MovieDB" */;
			buildPhases = (
				02201C77DB37C412684822B7 /* [CP] Check Pods Manifest.lock */,
				9F500B1225E3AFFA006146CA /* Sources */,
				9F500B1325E3AFFA006146CA /* Frameworks */,
				9F500B1425E3AFFA006146CA /* Resources */,
				A1EAB36DAB8618186F02F8E2 /* [CP] Embed Pods Frameworks */,
			);
			buildRules = (
			);
			dependencies = (
			);
			name = MovieDB;
			productName = MovieDB;
			productReference = 9F500B1625E3AFFA006146CA /* MovieDB.app */;
			productType = "com.apple.product-type.application";
		};
		9F500B2E25E3AFFF006146CA /* MovieDBTests */ = {
			isa = PBXNativeTarget;
			buildConfigurationList = 9F500B4625E3AFFF006146CA /* Build configuration list for PBXNativeTarget "MovieDBTests" */;
			buildPhases = (
				296D2ECE75EC67AEE44F7E44 /* [CP] Check Pods Manifest.lock */,
				9F500B2B25E3AFFF006146CA /* Sources */,
				9F500B2C25E3AFFF006146CA /* Frameworks */,
				9F500B2D25E3AFFF006146CA /* Resources */,
			);
			buildRules = (
			);
			dependencies = (
				9F500B3125E3AFFF006146CA /* PBXTargetDependency */,
			);
			name = MovieDBTests;
			productName = MovieDBTests;
			productReference = 9F500B2F25E3AFFF006146CA /* MovieDBTests.xctest */;
			productType = "com.apple.product-type.bundle.unit-test";
		};
		9F500B3925E3AFFF006146CA /* MovieDBUITests */ = {
			isa = PBXNativeTarget;
			buildConfigurationList = 9F500B4925E3AFFF006146CA /* Build configuration list for PBXNativeTarget "MovieDBUITests" */;
			buildPhases = (
				A310F4706E88AA2AED6A2C5D /* [CP] Check Pods Manifest.lock */,
				9F500B3625E3AFFF006146CA /* Sources */,
				9F500B3725E3AFFF006146CA /* Frameworks */,
				9F500B3825E3AFFF006146CA /* Resources */,
				98D07532176F39CB6F7F16F2 /* [CP] Embed Pods Frameworks */,
			);
			buildRules = (
			);
			dependencies = (
				9F500B3C25E3AFFF006146CA /* PBXTargetDependency */,
			);
			name = MovieDBUITests;
			productName = MovieDBUITests;
			productReference = 9F500B3A25E3AFFF006146CA /* MovieDBUITests.xctest */;
			productType = "com.apple.product-type.bundle.ui-testing";
		};
/* End PBXNativeTarget section */

/* Begin PBXProject section */
		9F500B0E25E3AFFA006146CA /* Project object */ = {
			isa = PBXProject;
			attributes = {
				LastSwiftUpdateCheck = 1230;
				LastUpgradeCheck = 1230;
				TargetAttributes = {
					9F500B1525E3AFFA006146CA = {
						CreatedOnToolsVersion = 12.3;
					};
					9F500B2E25E3AFFF006146CA = {
						CreatedOnToolsVersion = 12.3;
						TestTargetID = 9F500B1525E3AFFA006146CA;
					};
					9F500B3925E3AFFF006146CA = {
						CreatedOnToolsVersion = 12.3;
						TestTargetID = 9F500B1525E3AFFA006146CA;
					};
				};
			};
			buildConfigurationList = 9F500B1125E3AFFA006146CA /* Build configuration list for PBXProject "MovieDB" */;
			compatibilityVersion = "Xcode 9.3";
			developmentRegion = en;
			hasScannedForEncodings = 0;
			knownRegions = (
				en,
				Base,
			);
			mainGroup = 9F500B0D25E3AFFA006146CA;
			productRefGroup = 9F500B1725E3AFFA006146CA /* Products */;
			projectDirPath = "";
			projectRoot = "";
			targets = (
				9F500B1525E3AFFA006146CA /* MovieDB */,
				9F500B2E25E3AFFF006146CA /* MovieDBTests */,
				9F500B3925E3AFFF006146CA /* MovieDBUITests */,
			);
		};
/* End PBXProject section */

/* Begin PBXResourcesBuildPhase section */
		9F500B1425E3AFFA006146CA /* Resources */ = {
			isa = PBXResourcesBuildPhase;
			buildActionMask = 2147483647;
			files = (
				9F500B2925E3AFFE006146CA /* LaunchScreen.storyboard in Resources */,
				9F500B2625E3AFFE006146CA /* Assets.xcassets in Resources */,
				9F500B2125E3AFFA006146CA /* Main.storyboard in Resources */,
			);
			runOnlyForDeploymentPostprocessing = 0;
		};
		9F500B2D25E3AFFF006146CA /* Resources */ = {
			isa = PBXResourcesBuildPhase;
			buildActionMask = 2147483647;
			files = (
			);
			runOnlyForDeploymentPostprocessing = 0;
		};
		9F500B3825E3AFFF006146CA /* Resources */ = {
			isa = PBXResourcesBuildPhase;
			buildActionMask = 2147483647;
			files = (
			);
			runOnlyForDeploymentPostprocessing = 0;
		};
/* End PBXResourcesBuildPhase section */

/* Begin PBXShellScriptBuildPhase section */
		02201C77DB37C412684822B7 /* [CP] Check Pods Manifest.lock */ = {
			isa = PBXShellScriptBuildPhase;
			buildActionMask = 2147483647;
			files = (
			);
			inputFileListPaths = (
			);
			inputPaths = (
				"${PODS_PODFILE_DIR_PATH}/Podfile.lock",
				"${PODS_ROOT}/Manifest.lock",
			);
			name = "[CP] Check Pods Manifest.lock";
			outputFileListPaths = (
			);
			outputPaths = (
				"$(DERIVED_FILE_DIR)/Pods-MovieDB-checkManifestLockResult.txt",
			);
			runOnlyForDeploymentPostprocessing = 0;
			shellPath = /bin/sh;
			shellScript = "diff \"${PODS_PODFILE_DIR_PATH}/Podfile.lock\" \"${PODS_ROOT}/Manifest.lock\" > /dev/null\nif [ $? != 0 ] ; then\n    # print error to STDERR\n    echo \"error: The sandbox is not in sync with the Podfile.lock. Run 'pod install' or update your CocoaPods installation.\" >&2\n    exit 1\nfi\n# This output is used by Xcode 'outputs' to avoid re-running this script phase.\necho \"SUCCESS\" > \"${SCRIPT_OUTPUT_FILE_0}\"\n";
			showEnvVarsInLog = 0;
		};
		296D2ECE75EC67AEE44F7E44 /* [CP] Check Pods Manifest.lock */ = {
			isa = PBXShellScriptBuildPhase;
			buildActionMask = 2147483647;
			files = (
			);
			inputFileListPaths = (
			);
			inputPaths = (
				"${PODS_PODFILE_DIR_PATH}/Podfile.lock",
				"${PODS_ROOT}/Manifest.lock",
			);
			name = "[CP] Check Pods Manifest.lock";
			outputFileListPaths = (
			);
			outputPaths = (
				"$(DERIVED_FILE_DIR)/Pods-MovieDBTests-checkManifestLockResult.txt",
			);
			runOnlyForDeploymentPostprocessing = 0;
			shellPath = /bin/sh;
			shellScript = "diff \"${PODS_PODFILE_DIR_PATH}/Podfile.lock\" \"${PODS_ROOT}/Manifest.lock\" > /dev/null\nif [ $? != 0 ] ; then\n    # print error to STDERR\n    echo \"error: The sandbox is not in sync with the Podfile.lock. Run 'pod install' or update your CocoaPods installation.\" >&2\n    exit 1\nfi\n# This output is used by Xcode 'outputs' to avoid re-running this script phase.\necho \"SUCCESS\" > \"${SCRIPT_OUTPUT_FILE_0}\"\n";
			showEnvVarsInLog = 0;
		};
		98D07532176F39CB6F7F16F2 /* [CP] Embed Pods Frameworks */ = {
			isa = PBXShellScriptBuildPhase;
			buildActionMask = 2147483647;
			files = (
			);
			inputFileListPaths = (
				"${PODS_ROOT}/Target Support Files/Pods-MovieDB-MovieDBUITests/Pods-MovieDB-MovieDBUITests-frameworks-${CONFIGURATION}-input-files.xcfilelist",
			);
			name = "[CP] Embed Pods Frameworks";
			outputFileListPaths = (
				"${PODS_ROOT}/Target Support Files/Pods-MovieDB-MovieDBUITests/Pods-MovieDB-MovieDBUITests-frameworks-${CONFIGURATION}-output-files.xcfilelist",
			);
			runOnlyForDeploymentPostprocessing = 0;
			shellPath = /bin/sh;
			shellScript = "\"${PODS_ROOT}/Target Support Files/Pods-MovieDB-MovieDBUITests/Pods-MovieDB-MovieDBUITests-frameworks.sh\"\n";
			showEnvVarsInLog = 0;
		};
		A1EAB36DAB8618186F02F8E2 /* [CP] Embed Pods Frameworks */ = {
			isa = PBXShellScriptBuildPhase;
			buildActionMask = 2147483647;
			files = (
			);
			inputFileListPaths = (
				"${PODS_ROOT}/Target Support Files/Pods-MovieDB/Pods-MovieDB-frameworks-${CONFIGURATION}-input-files.xcfilelist",
			);
			name = "[CP] Embed Pods Frameworks";
			outputFileListPaths = (
				"${PODS_ROOT}/Target Support Files/Pods-MovieDB/Pods-MovieDB-frameworks-${CONFIGURATION}-output-files.xcfilelist",
			);
			runOnlyForDeploymentPostprocessing = 0;
			shellPath = /bin/sh;
			shellScript = "\"${PODS_ROOT}/Target Support Files/Pods-MovieDB/Pods-MovieDB-frameworks.sh\"\n";
			showEnvVarsInLog = 0;
		};
		A310F4706E88AA2AED6A2C5D /* [CP] Check Pods Manifest.lock */ = {
			isa = PBXShellScriptBuildPhase;
			buildActionMask = 2147483647;
			files = (
			);
			inputFileListPaths = (
			);
			inputPaths = (
				"${PODS_PODFILE_DIR_PATH}/Podfile.lock",
				"${PODS_ROOT}/Manifest.lock",
			);
			name = "[CP] Check Pods Manifest.lock";
			outputFileListPaths = (
			);
			outputPaths = (
				"$(DERIVED_FILE_DIR)/Pods-MovieDB-MovieDBUITests-checkManifestLockResult.txt",
			);
			runOnlyForDeploymentPostprocessing = 0;
			shellPath = /bin/sh;
			shellScript = "diff \"${PODS_PODFILE_DIR_PATH}/Podfile.lock\" \"${PODS_ROOT}/Manifest.lock\" > /dev/null\nif [ $? != 0 ] ; then\n    # print error to STDERR\n    echo \"error: The sandbox is not in sync with the Podfile.lock. Run 'pod install' or update your CocoaPods installation.\" >&2\n    exit 1\nfi\n# This output is used by Xcode 'outputs' to avoid re-running this script phase.\necho \"SUCCESS\" > \"${SCRIPT_OUTPUT_FILE_0}\"\n";
			showEnvVarsInLog = 0;
		};
/* End PBXShellScriptBuildPhase section */

/* Begin PBXSourcesBuildPhase section */
		9F500B1225E3AFFA006146CA /* Sources */ = {
			isa = PBXSourcesBuildPhase;
			buildActionMask = 2147483647;
			files = (
				9FA0BE5925E58A05000BEC2C /* NetworkManager.swift in Sources */,
				9F97202B25E4FF0B00FB29EB /* MovieCell.swift in Sources */,
				9F97201525E4D7A300FB29EB /* OldMovieManager.swift in Sources */,
				9F97200D25E4D71800FB29EB /* Movie.swift in Sources */,
				9FA0BE4225E588D5000BEC2C /* Movies.swift in Sources */,
				9F500B1E25E3AFFA006146CA /* HomeViewController.swift in Sources */,
				9FA0BE5025E58922000BEC2C /* MovieApi.swift in Sources */,
				9FA455E325E3D8620063798C /* OthersViewController.swift in Sources */,
				9FA455D125E3D4110063798C /* PopularViewController.swift in Sources */,
				9FB28DBA25E79B8000851112 /* DetailViewModel.swift in Sources */,
				9F97201A25E4DC5F00FB29EB /* BannerCell.swift in Sources */,
				9F500B1A25E3AFFA006146CA /* AppDelegate.swift in Sources */,
				9FA4561125E436A90063798C /* FavoriteTableCell.swift in Sources */,
				9FB28D5E25E63B8500851112 /* MovieManager.swift in Sources */,
				9F500B2425E3AFFA006146CA /* MovieDB.xcdatamodeld in Sources */,
				9F97203025E502CC00FB29EB /* TitleHeaderView.swift in Sources */,
				9FB28DB225E78B7A00851112 /* NetworkDetailManager.swift in Sources */,
				9FB28D9025E74C3A00851112 /* HomeViewModel.swift in Sources */,
				9FA455D625E3D4200063798C /* FavoriteViewController.swift in Sources */,
				9F500B1C25E3AFFA006146CA /* SceneDelegate.swift in Sources */,
				9F97202325E4FECA00FB29EB /* RecomendationCell.swift in Sources */,
				9FA455DB25E3D42F0063798C /* DetailViewController.swift in Sources */,
			);
			runOnlyForDeploymentPostprocessing = 0;
		};
		9F500B2B25E3AFFF006146CA /* Sources */ = {
			isa = PBXSourcesBuildPhase;
			buildActionMask = 2147483647;
			files = (
				9F500B3425E3AFFF006146CA /* MovieDBTests.swift in Sources */,
			);
			runOnlyForDeploymentPostprocessing = 0;
		};
		9F500B3625E3AFFF006146CA /* Sources */ = {
			isa = PBXSourcesBuildPhase;
			buildActionMask = 2147483647;
			files = (
				9F500B3F25E3AFFF006146CA /* MovieDBUITests.swift in Sources */,
			);
			runOnlyForDeploymentPostprocessing = 0;
		};
/* End PBXSourcesBuildPhase section */

/* Begin PBXTargetDependency section */
		9F500B3125E3AFFF006146CA /* PBXTargetDependency */ = {
			isa = PBXTargetDependency;
			target = 9F500B1525E3AFFA006146CA /* MovieDB */;
			targetProxy = 9F500B3025E3AFFF006146CA /* PBXContainerItemProxy */;
		};
		9F500B3C25E3AFFF006146CA /* PBXTargetDependency */ = {
			isa = PBXTargetDependency;
			target = 9F500B1525E3AFFA006146CA /* MovieDB */;
			targetProxy = 9F500B3B25E3AFFF006146CA /* PBXContainerItemProxy */;
		};
/* End PBXTargetDependency section */

/* Begin PBXVariantGroup section */
		9F500B1F25E3AFFA006146CA /* Main.storyboard */ = {
			isa = PBXVariantGroup;
			children = (
				9F500B2025E3AFFA006146CA /* Base */,
			);
			name = Main.storyboard;
			sourceTree = "<group>";
		};
		9F500B2725E3AFFE006146CA /* LaunchScreen.storyboard */ = {
			isa = PBXVariantGroup;
			children = (
				9F500B2825E3AFFE006146CA /* Base */,
			);
			name = LaunchScreen.storyboard;
			sourceTree = "<group>";
		};
/* End PBXVariantGroup section */

/* Begin XCBuildConfiguration section */
		9F500B4125E3AFFF006146CA /* Debug */ = {
			isa = XCBuildConfiguration;
			buildSettings = {
				ALWAYS_SEARCH_USER_PATHS = NO;
				CLANG_ANALYZER_NONNULL = YES;
				CLANG_ANALYZER_NUMBER_OBJECT_CONVERSION = YES_AGGRESSIVE;
				CLANG_CXX_LANGUAGE_STANDARD = "gnu++14";
				CLANG_CXX_LIBRARY = "libc++";
				CLANG_ENABLE_MODULES = YES;
				CLANG_ENABLE_OBJC_ARC = YES;
				CLANG_ENABLE_OBJC_WEAK = YES;
				CLANG_WARN_BLOCK_CAPTURE_AUTORELEASING = YES;
				CLANG_WARN_BOOL_CONVERSION = YES;
				CLANG_WARN_COMMA = YES;
				CLANG_WARN_CONSTANT_CONVERSION = YES;
				CLANG_WARN_DEPRECATED_OBJC_IMPLEMENTATIONS = YES;
				CLANG_WARN_DIRECT_OBJC_ISA_USAGE = YES_ERROR;
				CLANG_WARN_DOCUMENTATION_COMMENTS = YES;
				CLANG_WARN_EMPTY_BODY = YES;
				CLANG_WARN_ENUM_CONVERSION = YES;
				CLANG_WARN_INFINITE_RECURSION = YES;
				CLANG_WARN_INT_CONVERSION = YES;
				CLANG_WARN_NON_LITERAL_NULL_CONVERSION = YES;
				CLANG_WARN_OBJC_IMPLICIT_RETAIN_SELF = YES;
				CLANG_WARN_OBJC_LITERAL_CONVERSION = YES;
				CLANG_WARN_OBJC_ROOT_CLASS = YES_ERROR;
				CLANG_WARN_QUOTED_INCLUDE_IN_FRAMEWORK_HEADER = YES;
				CLANG_WARN_RANGE_LOOP_ANALYSIS = YES;
				CLANG_WARN_STRICT_PROTOTYPES = YES;
				CLANG_WARN_SUSPICIOUS_MOVE = YES;
				CLANG_WARN_UNGUARDED_AVAILABILITY = YES_AGGRESSIVE;
				CLANG_WARN_UNREACHABLE_CODE = YES;
				CLANG_WARN__DUPLICATE_METHOD_MATCH = YES;
				COPY_PHASE_STRIP = NO;
				DEBUG_INFORMATION_FORMAT = dwarf;
				ENABLE_STRICT_OBJC_MSGSEND = YES;
				ENABLE_TESTABILITY = YES;
				GCC_C_LANGUAGE_STANDARD = gnu11;
				GCC_DYNAMIC_NO_PIC = NO;
				GCC_NO_COMMON_BLOCKS = YES;
				GCC_OPTIMIZATION_LEVEL = 0;
				GCC_PREPROCESSOR_DEFINITIONS = (
					"DEBUG=1",
					"$(inherited)",
				);
				GCC_WARN_64_TO_32_BIT_CONVERSION = YES;
				GCC_WARN_ABOUT_RETURN_TYPE = YES_ERROR;
				GCC_WARN_UNDECLARED_SELECTOR = YES;
				GCC_WARN_UNINITIALIZED_AUTOS = YES_AGGRESSIVE;
				GCC_WARN_UNUSED_FUNCTION = YES;
				GCC_WARN_UNUSED_VARIABLE = YES;
				IPHONEOS_DEPLOYMENT_TARGET = 14.3;
				MTL_ENABLE_DEBUG_INFO = INCLUDE_SOURCE;
				MTL_FAST_MATH = YES;
				ONLY_ACTIVE_ARCH = YES;
				SDKROOT = iphoneos;
				SWIFT_ACTIVE_COMPILATION_CONDITIONS = DEBUG;
				SWIFT_OPTIMIZATION_LEVEL = "-Onone";
			};
			name = Debug;
		};
		9F500B4225E3AFFF006146CA /* Release */ = {
			isa = XCBuildConfiguration;
			buildSettings = {
				ALWAYS_SEARCH_USER_PATHS = NO;
				CLANG_ANALYZER_NONNULL = YES;
				CLANG_ANALYZER_NUMBER_OBJECT_CONVERSION = YES_AGGRESSIVE;
				CLANG_CXX_LANGUAGE_STANDARD = "gnu++14";
				CLANG_CXX_LIBRARY = "libc++";
				CLANG_ENABLE_MODULES = YES;
				CLANG_ENABLE_OBJC_ARC = YES;
				CLANG_ENABLE_OBJC_WEAK = YES;
				CLANG_WARN_BLOCK_CAPTURE_AUTORELEASING = YES;
				CLANG_WARN_BOOL_CONVERSION = YES;
				CLANG_WARN_COMMA = YES;
				CLANG_WARN_CONSTANT_CONVERSION = YES;
				CLANG_WARN_DEPRECATED_OBJC_IMPLEMENTATIONS = YES;
				CLANG_WARN_DIRECT_OBJC_ISA_USAGE = YES_ERROR;
				CLANG_WARN_DOCUMENTATION_COMMENTS = YES;
				CLANG_WARN_EMPTY_BODY = YES;
				CLANG_WARN_ENUM_CONVERSION = YES;
				CLANG_WARN_INFINITE_RECURSION = YES;
				CLANG_WARN_INT_CONVERSION = YES;
				CLANG_WARN_NON_LITERAL_NULL_CONVERSION = YES;
				CLANG_WARN_OBJC_IMPLICIT_RETAIN_SELF = YES;
				CLANG_WARN_OBJC_LITERAL_CONVERSION = YES;
				CLANG_WARN_OBJC_ROOT_CLASS = YES_ERROR;
				CLANG_WARN_QUOTED_INCLUDE_IN_FRAMEWORK_HEADER = YES;
				CLANG_WARN_RANGE_LOOP_ANALYSIS = YES;
				CLANG_WARN_STRICT_PROTOTYPES = YES;
				CLANG_WARN_SUSPICIOUS_MOVE = YES;
				CLANG_WARN_UNGUARDED_AVAILABILITY = YES_AGGRESSIVE;
				CLANG_WARN_UNREACHABLE_CODE = YES;
				CLANG_WARN__DUPLICATE_METHOD_MATCH = YES;
				COPY_PHASE_STRIP = NO;
				DEBUG_INFORMATION_FORMAT = "dwarf-with-dsym";
				ENABLE_NS_ASSERTIONS = NO;
				ENABLE_STRICT_OBJC_MSGSEND = YES;
				GCC_C_LANGUAGE_STANDARD = gnu11;
				GCC_NO_COMMON_BLOCKS = YES;
				GCC_WARN_64_TO_32_BIT_CONVERSION = YES;
				GCC_WARN_ABOUT_RETURN_TYPE = YES_ERROR;
				GCC_WARN_UNDECLARED_SELECTOR = YES;
				GCC_WARN_UNINITIALIZED_AUTOS = YES_AGGRESSIVE;
				GCC_WARN_UNUSED_FUNCTION = YES;
				GCC_WARN_UNUSED_VARIABLE = YES;
				IPHONEOS_DEPLOYMENT_TARGET = 14.3;
				MTL_ENABLE_DEBUG_INFO = NO;
				MTL_FAST_MATH = YES;
				SDKROOT = iphoneos;
				SWIFT_COMPILATION_MODE = wholemodule;
				SWIFT_OPTIMIZATION_LEVEL = "-O";
				VALIDATE_PRODUCT = YES;
			};
			name = Release;
		};
		9F500B4425E3AFFF006146CA /* Debug */ = {
			isa = XCBuildConfiguration;
			baseConfigurationReference = 4243CFF0821E4C6F13D153CF /* Pods-MovieDB.debug.xcconfig */;
			buildSettings = {
				ASSETCATALOG_COMPILER_APPICON_NAME = AppIcon;
				ASSETCATALOG_COMPILER_GLOBAL_ACCENT_COLOR_NAME = AccentColor;
				CODE_SIGN_STYLE = Automatic;
				DEVELOPMENT_TEAM = LYU3UQH224;
				INFOPLIST_FILE = MovieDB/Info.plist;
				LD_RUNPATH_SEARCH_PATHS = (
					"$(inherited)",
					"@executable_path/Frameworks",
				);
				PRODUCT_BUNDLE_IDENTIFIER = com.MovieDB;
				PRODUCT_NAME = "$(TARGET_NAME)";
				SWIFT_VERSION = 5.0;
				TARGETED_DEVICE_FAMILY = "1,2";
			};
			name = Debug;
		};
		9F500B4525E3AFFF006146CA /* Release */ = {
			isa = XCBuildConfiguration;
			baseConfigurationReference = D5B5DF3431C262B8AC055977 /* Pods-MovieDB.release.xcconfig */;
			buildSettings = {
				ASSETCATALOG_COMPILER_APPICON_NAME = AppIcon;
				ASSETCATALOG_COMPILER_GLOBAL_ACCENT_COLOR_NAME = AccentColor;
				CODE_SIGN_STYLE = Automatic;
				DEVELOPMENT_TEAM = LYU3UQH224;
				INFOPLIST_FILE = MovieDB/Info.plist;
				LD_RUNPATH_SEARCH_PATHS = (
					"$(inherited)",
					"@executable_path/Frameworks",
				);
				PRODUCT_BUNDLE_IDENTIFIER = com.MovieDB;
				PRODUCT_NAME = "$(TARGET_NAME)";
				SWIFT_VERSION = 5.0;
				TARGETED_DEVICE_FAMILY = "1,2";
			};
			name = Release;
		};
		9F500B4725E3AFFF006146CA /* Debug */ = {
			isa = XCBuildConfiguration;
			baseConfigurationReference = 5A2607DE5D08553BDBC2D819 /* Pods-MovieDBTests.debug.xcconfig */;
			buildSettings = {
				ALWAYS_EMBED_SWIFT_STANDARD_LIBRARIES = YES;
				BUNDLE_LOADER = "$(TEST_HOST)";
				CODE_SIGN_STYLE = Automatic;
				DEVELOPMENT_TEAM = LYU3UQH224;
				INFOPLIST_FILE = MovieDBTests/Info.plist;
				IPHONEOS_DEPLOYMENT_TARGET = 14.3;
				LD_RUNPATH_SEARCH_PATHS = (
					"$(inherited)",
					"@executable_path/Frameworks",
					"@loader_path/Frameworks",
				);
				PRODUCT_BUNDLE_IDENTIFIER = com.MovieDBTests;
				PRODUCT_NAME = "$(TARGET_NAME)";
				SWIFT_VERSION = 5.0;
				TARGETED_DEVICE_FAMILY = "1,2";
				TEST_HOST = "$(BUILT_PRODUCTS_DIR)/MovieDB.app/MovieDB";
			};
			name = Debug;
		};
		9F500B4825E3AFFF006146CA /* Release */ = {
			isa = XCBuildConfiguration;
			baseConfigurationReference = 5D521A83F4F728F40F7898C5 /* Pods-MovieDBTests.release.xcconfig */;
			buildSettings = {
				ALWAYS_EMBED_SWIFT_STANDARD_LIBRARIES = YES;
				BUNDLE_LOADER = "$(TEST_HOST)";
				CODE_SIGN_STYLE = Automatic;
				DEVELOPMENT_TEAM = LYU3UQH224;
				INFOPLIST_FILE = MovieDBTests/Info.plist;
				IPHONEOS_DEPLOYMENT_TARGET = 14.3;
				LD_RUNPATH_SEARCH_PATHS = (
					"$(inherited)",
					"@executable_path/Frameworks",
					"@loader_path/Frameworks",
				);
				PRODUCT_BUNDLE_IDENTIFIER = com.MovieDBTests;
				PRODUCT_NAME = "$(TARGET_NAME)";
				SWIFT_VERSION = 5.0;
				TARGETED_DEVICE_FAMILY = "1,2";
				TEST_HOST = "$(BUILT_PRODUCTS_DIR)/MovieDB.app/MovieDB";
			};
			name = Release;
		};
		9F500B4A25E3AFFF006146CA /* Debug */ = {
			isa = XCBuildConfiguration;
			baseConfigurationReference = 48FE8F68E08F5A95052E4C81 /* Pods-MovieDB-MovieDBUITests.debug.xcconfig */;
			buildSettings = {
				ALWAYS_EMBED_SWIFT_STANDARD_LIBRARIES = YES;
				CODE_SIGN_STYLE = Automatic;
				DEVELOPMENT_TEAM = LYU3UQH224;
				INFOPLIST_FILE = MovieDBUITests/Info.plist;
				LD_RUNPATH_SEARCH_PATHS = (
					"$(inherited)",
					"@executable_path/Frameworks",
					"@loader_path/Frameworks",
				);
				PRODUCT_BUNDLE_IDENTIFIER = com.MovieDBUITests;
				PRODUCT_NAME = "$(TARGET_NAME)";
				SWIFT_VERSION = 5.0;
				TARGETED_DEVICE_FAMILY = "1,2";
				TEST_TARGET_NAME = MovieDB;
			};
			name = Debug;
		};
		9F500B4B25E3AFFF006146CA /* Release */ = {
			isa = XCBuildConfiguration;
			baseConfigurationReference = 3C3DC6A165B5BA1BAE6E414D /* Pods-MovieDB-MovieDBUITests.release.xcconfig */;
			buildSettings = {
				ALWAYS_EMBED_SWIFT_STANDARD_LIBRARIES = YES;
				CODE_SIGN_STYLE = Automatic;
				DEVELOPMENT_TEAM = LYU3UQH224;
				INFOPLIST_FILE = MovieDBUITests/Info.plist;
				LD_RUNPATH_SEARCH_PATHS = (
					"$(inherited)",
					"@executable_path/Frameworks",
					"@loader_path/Frameworks",
				);
				PRODUCT_BUNDLE_IDENTIFIER = com.MovieDBUITests;
				PRODUCT_NAME = "$(TARGET_NAME)";
				SWIFT_VERSION = 5.0;
				TARGETED_DEVICE_FAMILY = "1,2";
				TEST_TARGET_NAME = MovieDB;
			};
			name = Release;
		};
/* End XCBuildConfiguration section */

/* Begin XCConfigurationList section */
		9F500B1125E3AFFA006146CA /* Build configuration list for PBXProject "MovieDB" */ = {
			isa = XCConfigurationList;
			buildConfigurations = (
				9F500B4125E3AFFF006146CA /* Debug */,
				9F500B4225E3AFFF006146CA /* Release */,
			);
			defaultConfigurationIsVisible = 0;
			defaultConfigurationName = Release;
		};
		9F500B4325E3AFFF006146CA /* Build configuration list for PBXNativeTarget "MovieDB" */ = {
			isa = XCConfigurationList;
			buildConfigurations = (
				9F500B4425E3AFFF006146CA /* Debug */,
				9F500B4525E3AFFF006146CA /* Release */,
			);
			defaultConfigurationIsVisible = 0;
			defaultConfigurationName = Release;
		};
		9F500B4625E3AFFF006146CA /* Build configuration list for PBXNativeTarget "MovieDBTests" */ = {
			isa = XCConfigurationList;
			buildConfigurations = (
				9F500B4725E3AFFF006146CA /* Debug */,
				9F500B4825E3AFFF006146CA /* Release */,
			);
			defaultConfigurationIsVisible = 0;
			defaultConfigurationName = Release;
		};
		9F500B4925E3AFFF006146CA /* Build configuration list for PBXNativeTarget "MovieDBUITests" */ = {
			isa = XCConfigurationList;
			buildConfigurations = (
				9F500B4A25E3AFFF006146CA /* Debug */,
				9F500B4B25E3AFFF006146CA /* Release */,
			);
			defaultConfigurationIsVisible = 0;
			defaultConfigurationName = Release;
		};
/* End XCConfigurationList section */

/* Begin XCVersionGroup section */
		9F500B2225E3AFFA006146CA /* MovieDB.xcdatamodeld */ = {
			isa = XCVersionGroup;
			children = (
				9F500B2325E3AFFA006146CA /* MovieDB.xcdatamodel */,
			);
			currentVersion = 9F500B2325E3AFFA006146CA /* MovieDB.xcdatamodel */;
			path = MovieDB.xcdatamodeld;
			sourceTree = "<group>";
			versionGroupType = wrapper.xcdatamodel;
		};
/* End XCVersionGroup section */
	};
	rootObject = 9F500B0E25E3AFFA006146CA /* Project object */;
}
